
Microsoft Visual Studio Solution File, Format Version 12.00
# Visual Studio Version 16
VisualStudioVersion = 16.0.30011.22
MinimumVisualStudioVersion = 10.0.40219.1
Project("{FAE04EC0-301F-11D3-BF4B-00C04F79EFBC}") = "ZLMusicAPI", "ZLMusicAPI\ZLMusicAPI.csproj", "{E03B4673-0890-420A-8C44-9477509C7102}"
EndProject
Global
	GlobalSection(SolutionConfigurationPlatforms) = preSolution
		Debug|Any CPU = Debug|Any CPU
		Release|Any CPU = Release|Any CPU
	EndGlobalSection
	GlobalSection(ProjectConfigurationPlatforms) = postSolution
		{E03B4673-0890-420A-8C44-9477509C7102}.Debug|Any CPU.ActiveCfg = Debug|Any CPU
		{E03B4673-0890-420A-8C44-9477509C7102}.Debug|Any CPU.Build.0 = Debug|Any CPU
		{E03B4673-0890-420A-8C44-9477509C7102}.Release|Any CPU.ActiveCfg = Release|Any CPU
		{E03B4673-0890-420A-8C44-9477509C7102}.Release|Any CPU.Build.0 = Release|Any CPU
	EndGlobalSection
	GlobalSection(SolutionProperties) = preSolution
		HideSolutionNode = FALSE
	EndGlobalSection
	GlobalSection(ExtensibilityGlobals) = postSolution
		SolutionGuid = {696FF312-97C6-4CF5-AAA7-5F6ED4277ABF}
	EndGlobalSection
EndGlobal
